
Microsoft Visual Studio Solution File, Format Version 12.00
# Visual Studio 15
VisualStudioVersion = 15.0.27004.2005
MinimumVisualStudioVersion = 10.0.40219.1
Project("{FAE04EC0-301F-11D3-BF4B-00C04F79EFBC}") = "DrawTriangle", "DrawTriangle\DrawTriangle.csproj", "{19BB94D6-DC15-4CBC-8851-56B142C805BE}"
EndProject
Project("{FAE04EC0-301F-11D3-BF4B-00C04F79EFBC}") = "TechModule", "TechModule\TechModule.csproj", "{795E7D17-BB94-4549-A4CE-3C2548017820}"
EndProject
Project("{FAE04EC0-301F-11D3-BF4B-00C04F79EFBC}") = "FruitProject", "FruitProject\FruitProject.csproj", "{7133CFB7-92DD-4FB4-95DB-61CDE923E4FE}"
EndProject
Project("{FAE04EC0-301F-11D3-BF4B-00C04F79EFBC}") = "FruitsASP", "FruitsASP\FruitsASP.csproj", "{FBC7CA3A-3B44-4244-A1C8-DED1CD711641}"
EndProject
Global
	GlobalSection(SolutionConfigurationPlatforms) = preSolution
		Debug|Any CPU = Debug|Any CPU
		Release|Any CPU = Release|Any CPU
	EndGlobalSection
	GlobalSection(ProjectConfigurationPlatforms) = postSolution
		{19BB94D6-DC15-4CBC-8851-56B142C805BE}.Debug|Any CPU.ActiveCfg = Debug|Any CPU
		{19BB94D6-DC15-4CBC-8851-56B142C805BE}.Debug|Any CPU.Build.0 = Debug|Any CPU
		{19BB94D6-DC15-4CBC-8851-56B142C805BE}.Release|Any CPU.ActiveCfg = Release|Any CPU
		{19BB94D6-DC15-4CBC-8851-56B142C805BE}.Release|Any CPU.Build.0 = Release|Any CPU
		{795E7D17-BB94-4549-A4CE-3C2548017820}.Debug|Any CPU.ActiveCfg = Debug|Any CPU
		{795E7D17-BB94-4549-A4CE-3C2548017820}.Debug|Any CPU.Build.0 = Debug|Any CPU
		{795E7D17-BB94-4549-A4CE-3C2548017820}.Release|Any CPU.ActiveCfg = Release|Any CPU
		{795E7D17-BB94-4549-A4CE-3C2548017820}.Release|Any CPU.Build.0 = Release|Any CPU
		{7133CFB7-92DD-4FB4-95DB-61CDE923E4FE}.Debug|Any CPU.ActiveCfg = Debug|Any CPU
		{7133CFB7-92DD-4FB4-95DB-61CDE923E4FE}.Debug|Any CPU.Build.0 = Debug|Any CPU
		{7133CFB7-92DD-4FB4-95DB-61CDE923E4FE}.Release|Any CPU.ActiveCfg = Release|Any CPU
		{7133CFB7-92DD-4FB4-95DB-61CDE923E4FE}.Release|Any CPU.Build.0 = Release|Any CPU
		{FBC7CA3A-3B44-4244-A1C8-DED1CD711641}.Debug|Any CPU.ActiveCfg = Debug|Any CPU
		{FBC7CA3A-3B44-4244-A1C8-DED1CD711641}.Debug|Any CPU.Build.0 = Debug|Any CPU
		{FBC7CA3A-3B44-4244-A1C8-DED1CD711641}.Release|Any CPU.ActiveCfg = Release|Any CPU
		{FBC7CA3A-3B44-4244-A1C8-DED1CD711641}.Release|Any CPU.Build.0 = Release|Any CPU
	EndGlobalSection
	GlobalSection(SolutionProperties) = preSolution
		HideSolutionNode = FALSE
	EndGlobalSection
	GlobalSection(ExtensibilityGlobals) = postSolution
		SolutionGuid = {4B69399F-9EF4-43F1-A16E-F931BD37E6D9}
	EndGlobalSection
EndGlobal
